
Microsoft Visual Studio Solution File, Format Version 12.00
# Visual Studio Version 16
VisualStudioVersion = 16.0.28803.352
MinimumVisualStudioVersion = 10.0.40219.1
Project("{8BC9CEB8-8B4A-11D0-8D11-00A0C91BC942}") = "Starter", "Starter\Starter.vcxproj", "{13C24AB0-14E8-4A4E-9C17-3F4AC25E9464}"
EndProject
Project("{8BC9CEB8-8B4A-11D0-8D11-00A0C91BC942}") = "Snippets", "Snippets\Snippets.vcxproj", "{A4149A01-1961-4454-B1BD-96A1B2E59E1D}"
EndProject
Project("{8BC9CEB8-8B4A-11D0-8D11-00A0C91BC942}") = "Zeiger", "Zeiger\Zeiger.vcxproj", "{B1F477EB-46D5-4CE7-8877-FD339B4F7AFF}"
EndProject
Project("{8BC9CEB8-8B4A-11D0-8D11-00A0C91BC942}") = "Taschenrechner", "Taschenrechner\Taschenrechner.vcxproj", "{2A28B96A-D00B-4261-B0F6-C50C7E533392}"
EndProject
Project("{8BC9CEB8-8B4A-11D0-8D11-00A0C91BC942}") = "Namespaces", "Namespaces\Namespaces.vcxproj", "{29BEA2BF-F378-404E-927A-2C7A48D92C5C}"
EndProject
Project("{8BC9CEB8-8B4A-11D0-8D11-00A0C91BC942}") = "MainParameter", "MainParameter\MainParameter.vcxproj", "{FE99F7A8-B088-456A-A0AE-3DB0DCBD81B9}"
EndProject
Project("{8BC9CEB8-8B4A-11D0-8D11-00A0C91BC942}") = "Enums", "Enums\Enums.vcxproj", "{BB5CFBFD-6B58-40A0-90FE-9F6B38AF91B2}"
EndProject
Project("{8BC9CEB8-8B4A-11D0-8D11-00A0C91BC942}") = "MemoryLeaks", "MemoryLeaks\MemoryLeaks.vcxproj", "{B7B24D00-7C43-4D28-947F-FFAEC9228555}"
EndProject
Project("{8BC9CEB8-8B4A-11D0-8D11-00A0C91BC942}") = "Vererbung", "Vererbung\Vererbung.vcxproj", "{592C3281-9CE6-455C-A690-FBCF9BB05A64}"
EndProject
Project("{8BC9CEB8-8B4A-11D0-8D11-00A0C91BC942}") = "Fehlerbehandlung", "Fehlerbehandlung\Fehlerbehandlung.vcxproj", "{FAAB82C0-FF8B-4F97-A86B-D9DD28E57CCE}"
EndProject
Project("{8BC9CEB8-8B4A-11D0-8D11-00A0C91BC942}") = "Unions", "Unions\Unions.vcxproj", "{0D11A1AD-FAF5-4825-BBB8-F8C464310475}"
EndProject
Project("{8BC9CEB8-8B4A-11D0-8D11-00A0C91BC942}") = "cBibliothek", "cBibliothek\cBibliothek.vcxproj", "{A3810F0B-3BE2-4653-8785-A2268C12B3C2}"
EndProject
Project("{8BC9CEB8-8B4A-11D0-8D11-00A0C91BC942}") = "OperatorenUeberladen", "OperatorenUeberladen\OperatorenUeberladen.vcxproj", "{D86E8AD3-354A-438C-B53E-FE2150FEA815}"
EndProject
Project("{8BC9CEB8-8B4A-11D0-8D11-00A0C91BC942}") = "KopierKonstruktor", "KopierKonstruktor\KopierKonstruktor.vcxproj", "{344C1DD6-2591-4A82-B40D-199BB2EA3F5F}"
EndProject
Project("{8BC9CEB8-8B4A-11D0-8D11-00A0C91BC942}") = "stdVector", "stdVector\stdVector.vcxproj", "{BB279FB5-D45E-4904-BC5A-9BC50E765E96}"
EndProject
Project("{8BC9CEB8-8B4A-11D0-8D11-00A0C91BC942}") = "Laufzeit", "Laufzeit\Laufzeit.vcxproj", "{C146F2CF-E3A8-4F19-9E83-E593B128AA62}"
EndProject
Project("{8BC9CEB8-8B4A-11D0-8D11-00A0C91BC942}") = "Templates", "Templates\Templates.vcxproj", "{15703F47-D4C7-48E4-BBF7-8528DF8E34CB}"
EndProject
Project("{8BC9CEB8-8B4A-11D0-8D11-00A0C91BC942}") = "unorderedMap", "unorderedMap\unorderedMap.vcxproj", "{01D21FEE-E0DB-4690-85BE-76CB86EF51AC}"
EndProject
Project("{8BC9CEB8-8B4A-11D0-8D11-00A0C91BC942}") = "Queue", "Queue\Queue.vcxproj", "{66A74D06-3BB0-41A3-820C-981674189D52}"
EndProject
Project("{8BC9CEB8-8B4A-11D0-8D11-00A0C91BC942}") = "List", "List\List.vcxproj", "{2E28306F-F64F-4776-9418-8825129DE610}"
EndProject
Project("{8BC9CEB8-8B4A-11D0-8D11-00A0C91BC942}") = "setMultisetMultimapEtc", "setMultisetMultimapEtc\setMultisetMultimapEtc.vcxproj", "{A059F8F9-3362-4785-B9AB-2C853299B5B9}"
EndProject
Global
	GlobalSection(SolutionConfigurationPlatforms) = preSolution
		Debug|x64 = Debug|x64
		Debug|x86 = Debug|x86
		Release|x64 = Release|x64
		Release|x86 = Release|x86
	EndGlobalSection
	GlobalSection(ProjectConfigurationPlatforms) = postSolution
		{13C24AB0-14E8-4A4E-9C17-3F4AC25E9464}.Debug|x64.ActiveCfg = Debug|x64
		{13C24AB0-14E8-4A4E-9C17-3F4AC25E9464}.Debug|x64.Build.0 = Debug|x64
		{13C24AB0-14E8-4A4E-9C17-3F4AC25E9464}.Debug|x86.ActiveCfg = Debug|Win32
		{13C24AB0-14E8-4A4E-9C17-3F4AC25E9464}.Debug|x86.Build.0 = Debug|Win32
		{13C24AB0-14E8-4A4E-9C17-3F4AC25E9464}.Release|x64.ActiveCfg = Release|x64
		{13C24AB0-14E8-4A4E-9C17-3F4AC25E9464}.Release|x64.Build.0 = Release|x64
		{13C24AB0-14E8-4A4E-9C17-3F4AC25E9464}.Release|x86.ActiveCfg = Release|Win32
		{13C24AB0-14E8-4A4E-9C17-3F4AC25E9464}.Release|x86.Build.0 = Release|Win32
		{A4149A01-1961-4454-B1BD-96A1B2E59E1D}.Debug|x64.ActiveCfg = Debug|x64
		{A4149A01-1961-4454-B1BD-96A1B2E59E1D}.Debug|x64.Build.0 = Debug|x64
		{A4149A01-1961-4454-B1BD-96A1B2E59E1D}.Debug|x86.ActiveCfg = Debug|Win32
		{A4149A01-1961-4454-B1BD-96A1B2E59E1D}.Debug|x86.Build.0 = Debug|Win32
		{A4149A01-1961-4454-B1BD-96A1B2E59E1D}.Release|x64.ActiveCfg = Release|x64
		{A4149A01-1961-4454-B1BD-96A1B2E59E1D}.Release|x64.Build.0 = Release|x64
		{A4149A01-1961-4454-B1BD-96A1B2E59E1D}.Release|x86.ActiveCfg = Release|Win32
		{A4149A01-1961-4454-B1BD-96A1B2E59E1D}.Release|x86.Build.0 = Release|Win32
		{B1F477EB-46D5-4CE7-8877-FD339B4F7AFF}.Debug|x64.ActiveCfg = Debug|x64
		{B1F477EB-46D5-4CE7-8877-FD339B4F7AFF}.Debug|x64.Build.0 = Debug|x64
		{B1F477EB-46D5-4CE7-8877-FD339B4F7AFF}.Debug|x86.ActiveCfg = Debug|Win32
		{B1F477EB-46D5-4CE7-8877-FD339B4F7AFF}.Debug|x86.Build.0 = Debug|Win32
		{B1F477EB-46D5-4CE7-8877-FD339B4F7AFF}.Release|x64.ActiveCfg = Release|x64
		{B1F477EB-46D5-4CE7-8877-FD339B4F7AFF}.Release|x64.Build.0 = Release|x64
		{B1F477EB-46D5-4CE7-8877-FD339B4F7AFF}.Release|x86.ActiveCfg = Release|Win32
		{B1F477EB-46D5-4CE7-8877-FD339B4F7AFF}.Release|x86.Build.0 = Release|Win32
		{2A28B96A-D00B-4261-B0F6-C50C7E533392}.Debug|x64.ActiveCfg = Debug|x64
		{2A28B96A-D00B-4261-B0F6-C50C7E533392}.Debug|x64.Build.0 = Debug|x64
		{2A28B96A-D00B-4261-B0F6-C50C7E533392}.Debug|x86.ActiveCfg = Debug|Win32
		{2A28B96A-D00B-4261-B0F6-C50C7E533392}.Debug|x86.Build.0 = Debug|Win32
		{2A28B96A-D00B-4261-B0F6-C50C7E533392}.Release|x64.ActiveCfg = Release|x64
		{2A28B96A-D00B-4261-B0F6-C50C7E533392}.Release|x64.Build.0 = Release|x64
		{2A28B96A-D00B-4261-B0F6-C50C7E533392}.Release|x86.ActiveCfg = Release|Win32
		{2A28B96A-D00B-4261-B0F6-C50C7E533392}.Release|x86.Build.0 = Release|Win32
		{29BEA2BF-F378-404E-927A-2C7A48D92C5C}.Debug|x64.ActiveCfg = Debug|x64
		{29BEA2BF-F378-404E-927A-2C7A48D92C5C}.Debug|x64.Build.0 = Debug|x64
		{29BEA2BF-F378-404E-927A-2C7A48D92C5C}.Debug|x86.ActiveCfg = Debug|Win32
		{29BEA2BF-F378-404E-927A-2C7A48D92C5C}.Debug|x86.Build.0 = Debug|Win32
		{29BEA2BF-F378-404E-927A-2C7A48D92C5C}.Release|x64.ActiveCfg = Release|x64
		{29BEA2BF-F378-404E-927A-2C7A48D92C5C}.Release|x64.Build.0 = Release|x64
		{29BEA2BF-F378-404E-927A-2C7A48D92C5C}.Release|x86.ActiveCfg = Release|Win32
		{29BEA2BF-F378-404E-927A-2C7A48D92C5C}.Release|x86.Build.0 = Release|Win32
		{FE99F7A8-B088-456A-A0AE-3DB0DCBD81B9}.Debug|x64.ActiveCfg = Debug|x64
		{FE99F7A8-B088-456A-A0AE-3DB0DCBD81B9}.Debug|x64.Build.0 = Debug|x64
		{FE99F7A8-B088-456A-A0AE-3DB0DCBD81B9}.Debug|x86.ActiveCfg = Debug|Win32
		{FE99F7A8-B088-456A-A0AE-3DB0DCBD81B9}.Debug|x86.Build.0 = Debug|Win32
		{FE99F7A8-B088-456A-A0AE-3DB0DCBD81B9}.Release|x64.ActiveCfg = Release|x64
		{FE99F7A8-B088-456A-A0AE-3DB0DCBD81B9}.Release|x64.Build.0 = Release|x64
		{FE99F7A8-B088-456A-A0AE-3DB0DCBD81B9}.Release|x86.ActiveCfg = Release|Win32
		{FE99F7A8-B088-456A-A0AE-3DB0DCBD81B9}.Release|x86.Build.0 = Release|Win32
		{BB5CFBFD-6B58-40A0-90FE-9F6B38AF91B2}.Debug|x64.ActiveCfg = Debug|x64
		{BB5CFBFD-6B58-40A0-90FE-9F6B38AF91B2}.Debug|x64.Build.0 = Debug|x64
		{BB5CFBFD-6B58-40A0-90FE-9F6B38AF91B2}.Debug|x86.ActiveCfg = Debug|Win32
		{BB5CFBFD-6B58-40A0-90FE-9F6B38AF91B2}.Debug|x86.Build.0 = Debug|Win32
		{BB5CFBFD-6B58-40A0-90FE-9F6B38AF91B2}.Release|x64.ActiveCfg = Release|x64
		{BB5CFBFD-6B58-40A0-90FE-9F6B38AF91B2}.Release|x64.Build.0 = Release|x64
		{BB5CFBFD-6B58-40A0-90FE-9F6B38AF91B2}.Release|x86.ActiveCfg = Release|Win32
		{BB5CFBFD-6B58-40A0-90FE-9F6B38AF91B2}.Release|x86.Build.0 = Release|Win32
		{B7B24D00-7C43-4D28-947F-FFAEC9228555}.Debug|x64.ActiveCfg = Debug|x64
		{B7B24D00-7C43-4D28-947F-FFAEC9228555}.Debug|x64.Build.0 = Debug|x64
		{B7B24D00-7C43-4D28-947F-FFAEC9228555}.Debug|x86.ActiveCfg = Debug|Win32
		{B7B24D00-7C43-4D28-947F-FFAEC9228555}.Debug|x86.Build.0 = Debug|Win32
		{B7B24D00-7C43-4D28-947F-FFAEC9228555}.Release|x64.ActiveCfg = Release|x64
		{B7B24D00-7C43-4D28-947F-FFAEC9228555}.Release|x64.Build.0 = Release|x64
		{B7B24D00-7C43-4D28-947F-FFAEC9228555}.Release|x86.ActiveCfg = Release|Win32
		{B7B24D00-7C43-4D28-947F-FFAEC9228555}.Release|x86.Build.0 = Release|Win32
		{592C3281-9CE6-455C-A690-FBCF9BB05A64}.Debug|x64.ActiveCfg = Debug|x64
		{592C3281-9CE6-455C-A690-FBCF9BB05A64}.Debug|x64.Build.0 = Debug|x64
		{592C3281-9CE6-455C-A690-FBCF9BB05A64}.Debug|x86.ActiveCfg = Debug|Win32
		{592C3281-9CE6-455C-A690-FBCF9BB05A64}.Debug|x86.Build.0 = Debug|Win32
		{592C3281-9CE6-455C-A690-FBCF9BB05A64}.Release|x64.ActiveCfg = Release|x64
		{592C3281-9CE6-455C-A690-FBCF9BB05A64}.Release|x64.Build.0 = Release|x64
		{592C3281-9CE6-455C-A690-FBCF9BB05A64}.Release|x86.ActiveCfg = Release|Win32
		{592C3281-9CE6-455C-A690-FBCF9BB05A64}.Release|x86.Build.0 = Release|Win32
		{FAAB82C0-FF8B-4F97-A86B-D9DD28E57CCE}.Debug|x64.ActiveCfg = Debug|x64
		{FAAB82C0-FF8B-4F97-A86B-D9DD28E57CCE}.Debug|x64.Build.0 = Debug|x64
		{FAAB82C0-FF8B-4F97-A86B-D9DD28E57CCE}.Debug|x86.ActiveCfg = Debug|Win32
		{FAAB82C0-FF8B-4F97-A86B-D9DD28E57CCE}.Debug|x86.Build.0 = Debug|Win32
		{FAAB82C0-FF8B-4F97-A86B-D9DD28E57CCE}.Release|x64.ActiveCfg = Release|x64
		{FAAB82C0-FF8B-4F97-A86B-D9DD28E57CCE}.Release|x64.Build.0 = Release|x64
		{FAAB82C0-FF8B-4F97-A86B-D9DD28E57CCE}.Release|x86.ActiveCfg = Release|Win32
		{FAAB82C0-FF8B-4F97-A86B-D9DD28E57CCE}.Release|x86.Build.0 = Release|Win32
		{0D11A1AD-FAF5-4825-BBB8-F8C464310475}.Debug|x64.ActiveCfg = Debug|x64
		{0D11A1AD-FAF5-4825-BBB8-F8C464310475}.Debug|x64.Build.0 = Debug|x64
		{0D11A1AD-FAF5-4825-BBB8-F8C464310475}.Debug|x86.ActiveCfg = Debug|Win32
		{0D11A1AD-FAF5-4825-BBB8-F8C464310475}.Debug|x86.Build.0 = Debug|Win32
		{0D11A1AD-FAF5-4825-BBB8-F8C464310475}.Release|x64.ActiveCfg = Release|x64
		{0D11A1AD-FAF5-4825-BBB8-F8C464310475}.Release|x64.Build.0 = Release|x64
		{0D11A1AD-FAF5-4825-BBB8-F8C464310475}.Release|x86.ActiveCfg = Release|Win32
		{0D11A1AD-FAF5-4825-BBB8-F8C464310475}.Release|x86.Build.0 = Release|Win32
		{A3810F0B-3BE2-4653-8785-A2268C12B3C2}.Debug|x64.ActiveCfg = Debug|x64
		{A3810F0B-3BE2-4653-8785-A2268C12B3C2}.Debug|x64.Build.0 = Debug|x64
		{A3810F0B-3BE2-4653-8785-A2268C12B3C2}.Debug|x86.ActiveCfg = Debug|Win32
		{A3810F0B-3BE2-4653-8785-A2268C12B3C2}.Debug|x86.Build.0 = Debug|Win32
		{A3810F0B-3BE2-4653-8785-A2268C12B3C2}.Release|x64.ActiveCfg = Release|x64
		{A3810F0B-3BE2-4653-8785-A2268C12B3C2}.Release|x64.Build.0 = Release|x64
		{A3810F0B-3BE2-4653-8785-A2268C12B3C2}.Release|x86.ActiveCfg = Release|Win32
		{A3810F0B-3BE2-4653-8785-A2268C12B3C2}.Release|x86.Build.0 = Release|Win32
		{D86E8AD3-354A-438C-B53E-FE2150FEA815}.Debug|x64.ActiveCfg = Debug|x64
		{D86E8AD3-354A-438C-B53E-FE2150FEA815}.Debug|x64.Build.0 = Debug|x64
		{D86E8AD3-354A-438C-B53E-FE2150FEA815}.Debug|x86.ActiveCfg = Debug|Win32
		{D86E8AD3-354A-438C-B53E-FE2150FEA815}.Debug|x86.Build.0 = Debug|Win32
		{D86E8AD3-354A-438C-B53E-FE2150FEA815}.Release|x64.ActiveCfg = Release|x64
		{D86E8AD3-354A-438C-B53E-FE2150FEA815}.Release|x64.Build.0 = Release|x64
		{D86E8AD3-354A-438C-B53E-FE2150FEA815}.Release|x86.ActiveCfg = Release|Win32
		{D86E8AD3-354A-438C-B53E-FE2150FEA815}.Release|x86.Build.0 = Release|Win32
		{344C1DD6-2591-4A82-B40D-199BB2EA3F5F}.Debug|x64.ActiveCfg = Debug|x64
		{344C1DD6-2591-4A82-B40D-199BB2EA3F5F}.Debug|x64.Build.0 = Debug|x64
		{344C1DD6-2591-4A82-B40D-199BB2EA3F5F}.Debug|x86.ActiveCfg = Debug|Win32
		{344C1DD6-2591-4A82-B40D-199BB2EA3F5F}.Debug|x86.Build.0 = Debug|Win32
		{344C1DD6-2591-4A82-B40D-199BB2EA3F5F}.Release|x64.ActiveCfg = Release|x64
		{344C1DD6-2591-4A82-B40D-199BB2EA3F5F}.Release|x64.Build.0 = Release|x64
		{344C1DD6-2591-4A82-B40D-199BB2EA3F5F}.Release|x86.ActiveCfg = Release|Win32
		{344C1DD6-2591-4A82-B40D-199BB2EA3F5F}.Release|x86.Build.0 = Release|Win32
		{BB279FB5-D45E-4904-BC5A-9BC50E765E96}.Debug|x64.ActiveCfg = Debug|x64
		{BB279FB5-D45E-4904-BC5A-9BC50E765E96}.Debug|x64.Build.0 = Debug|x64
		{BB279FB5-D45E-4904-BC5A-9BC50E765E96}.Debug|x86.ActiveCfg = Debug|Win32
		{BB279FB5-D45E-4904-BC5A-9BC50E765E96}.Debug|x86.Build.0 = Debug|Win32
		{BB279FB5-D45E-4904-BC5A-9BC50E765E96}.Release|x64.ActiveCfg = Release|x64
		{BB279FB5-D45E-4904-BC5A-9BC50E765E96}.Release|x64.Build.0 = Release|x64
		{BB279FB5-D45E-4904-BC5A-9BC50E765E96}.Release|x86.ActiveCfg = Release|Win32
		{BB279FB5-D45E-4904-BC5A-9BC50E765E96}.Release|x86.Build.0 = Release|Win32
		{C146F2CF-E3A8-4F19-9E83-E593B128AA62}.Debug|x64.ActiveCfg = Debug|x64
		{C146F2CF-E3A8-4F19-9E83-E593B128AA62}.Debug|x64.Build.0 = Debug|x64
		{C146F2CF-E3A8-4F19-9E83-E593B128AA62}.Debug|x86.ActiveCfg = Debug|Win32
		{C146F2CF-E3A8-4F19-9E83-E593B128AA62}.Debug|x86.Build.0 = Debug|Win32
		{C146F2CF-E3A8-4F19-9E83-E593B128AA62}.Release|x64.ActiveCfg = Release|x64
		{C146F2CF-E3A8-4F19-9E83-E593B128AA62}.Release|x64.Build.0 = Release|x64
		{C146F2CF-E3A8-4F19-9E83-E593B128AA62}.Release|x86.ActiveCfg = Release|Win32
		{C146F2CF-E3A8-4F19-9E83-E593B128AA62}.Release|x86.Build.0 = Release|Win32
		{15703F47-D4C7-48E4-BBF7-8528DF8E34CB}.Debug|x64.ActiveCfg = Debug|x64
		{15703F47-D4C7-48E4-BBF7-8528DF8E34CB}.Debug|x64.Build.0 = Debug|x64
		{15703F47-D4C7-48E4-BBF7-8528DF8E34CB}.Debug|x86.ActiveCfg = Debug|Win32
		{15703F47-D4C7-48E4-BBF7-8528DF8E34CB}.Debug|x86.Build.0 = Debug|Win32
		{15703F47-D4C7-48E4-BBF7-8528DF8E34CB}.Release|x64.ActiveCfg = Release|x64
		{15703F47-D4C7-48E4-BBF7-8528DF8E34CB}.Release|x64.Build.0 = Release|x64
		{15703F47-D4C7-48E4-BBF7-8528DF8E34CB}.Release|x86.ActiveCfg = Release|Win32
		{15703F47-D4C7-48E4-BBF7-8528DF8E34CB}.Release|x86.Build.0 = Release|Win32
		{01D21FEE-E0DB-4690-85BE-76CB86EF51AC}.Debug|x64.ActiveCfg = Debug|x64
		{01D21FEE-E0DB-4690-85BE-76CB86EF51AC}.Debug|x64.Build.0 = Debug|x64
		{01D21FEE-E0DB-4690-85BE-76CB86EF51AC}.Debug|x86.ActiveCfg = Debug|Win32
		{01D21FEE-E0DB-4690-85BE-76CB86EF51AC}.Debug|x86.Build.0 = Debug|Win32
		{01D21FEE-E0DB-4690-85BE-76CB86EF51AC}.Release|x64.ActiveCfg = Release|x64
		{01D21FEE-E0DB-4690-85BE-76CB86EF51AC}.Release|x64.Build.0 = Release|x64
		{01D21FEE-E0DB-4690-85BE-76CB86EF51AC}.Release|x86.ActiveCfg = Release|Win32
		{01D21FEE-E0DB-4690-85BE-76CB86EF51AC}.Release|x86.Build.0 = Release|Win32
		{66A74D06-3BB0-41A3-820C-981674189D52}.Debug|x64.ActiveCfg = Debug|x64
		{66A74D06-3BB0-41A3-820C-981674189D52}.Debug|x64.Build.0 = Debug|x64
		{66A74D06-3BB0-41A3-820C-981674189D52}.Debug|x86.ActiveCfg = Debug|Win32
		{66A74D06-3BB0-41A3-820C-981674189D52}.Debug|x86.Build.0 = Debug|Win32
		{66A74D06-3BB0-41A3-820C-981674189D52}.Release|x64.ActiveCfg = Release|x64
		{66A74D06-3BB0-41A3-820C-981674189D52}.Release|x64.Build.0 = Release|x64
		{66A74D06-3BB0-41A3-820C-981674189D52}.Release|x86.ActiveCfg = Release|Win32
		{66A74D06-3BB0-41A3-820C-981674189D52}.Release|x86.Build.0 = Release|Win32
		{2E28306F-F64F-4776-9418-8825129DE610}.Debug|x64.ActiveCfg = Debug|x64
		{2E28306F-F64F-4776-9418-8825129DE610}.Debug|x64.Build.0 = Debug|x64
		{2E28306F-F64F-4776-9418-8825129DE610}.Debug|x86.ActiveCfg = Debug|Win32
		{2E28306F-F64F-4776-9418-8825129DE610}.Debug|x86.Build.0 = Debug|Win32
		{2E28306F-F64F-4776-9418-8825129DE610}.Release|x64.ActiveCfg = Release|x64
		{2E28306F-F64F-4776-9418-8825129DE610}.Release|x64.Build.0 = Release|x64
		{2E28306F-F64F-4776-9418-8825129DE610}.Release|x86.ActiveCfg = Release|Win32
		{2E28306F-F64F-4776-9418-8825129DE610}.Release|x86.Build.0 = Release|Win32
		{A059F8F9-3362-4785-B9AB-2C853299B5B9}.Debug|x64.ActiveCfg = Debug|x64
		{A059F8F9-3362-4785-B9AB-2C853299B5B9}.Debug|x64.Build.0 = Debug|x64
		{A059F8F9-3362-4785-B9AB-2C853299B5B9}.Debug|x86.ActiveCfg = Debug|Win32
		{A059F8F9-3362-4785-B9AB-2C853299B5B9}.Debug|x86.Build.0 = Debug|Win32
		{A059F8F9-3362-4785-B9AB-2C853299B5B9}.Release|x64.ActiveCfg = Release|x64
		{A059F8F9-3362-4785-B9AB-2C853299B5B9}.Release|x64.Build.0 = Release|x64
		{A059F8F9-3362-4785-B9AB-2C853299B5B9}.Release|x86.ActiveCfg = Release|Win32
		{A059F8F9-3362-4785-B9AB-2C853299B5B9}.Release|x86.Build.0 = Release|Win32
	EndGlobalSection
	GlobalSection(SolutionProperties) = preSolution
		HideSolutionNode = FALSE
	EndGlobalSection
	GlobalSection(ExtensibilityGlobals) = postSolution
		SolutionGuid = {6ADA9F5C-C379-410D-9CAB-C54FE3DB4D81}
	EndGlobalSection
EndGlobal
